
Microsoft Visual Studio Solution File, Format Version 12.00
# Visual Studio 15
VisualStudioVersion = 15.0.33919.361
MinimumVisualStudioVersion = 10.0.40219.1
Project("{FAE04EC0-301F-11D3-BF4B-00C04F79EFBC}") = "NATO-OS 7", "NATO-OS 7\NATO-OS 7.csproj", "{D977D15E-124F-4D51-9AC0-D6948E90A6B2}"
EndProject
Global
	GlobalSection(SolutionConfigurationPlatforms) = preSolution
		Debug|Any CPU = Debug|Any CPU
		Release|Any CPU = Release|Any CPU
	EndGlobalSection
	GlobalSection(ProjectConfigurationPlatforms) = postSolution
		{D977D15E-124F-4D51-9AC0-D6948E90A6B2}.Debug|Any CPU.ActiveCfg = Debug|Any CPU
		{D977D15E-124F-4D51-9AC0-D6948E90A6B2}.Debug|Any CPU.Build.0 = Debug|Any CPU
		{D977D15E-124F-4D51-9AC0-D6948E90A6B2}.Release|Any CPU.ActiveCfg = Release|Any CPU
		{D977D15E-124F-4D51-9AC0-D6948E90A6B2}.Release|Any CPU.Build.0 = Release|Any CPU
	EndGlobalSection
	GlobalSection(SolutionProperties) = preSolution
		HideSolutionNode = FALSE
	EndGlobalSection
	GlobalSection(ExtensibilityGlobals) = postSolution
		SolutionGuid = {E6FBBEDC-4D13-409D-BE9E-9C9D590FDEC6}
	EndGlobalSection
EndGlobal
